
Microsoft Visual Studio Solution File, Format Version 12.00
# Visual Studio Version 16
VisualStudioVersion = 16.0.31624.102
MinimumVisualStudioVersion = 10.0.40219.1
Project("{FAE04EC0-301F-11D3-BF4B-00C04F79EFBC}") = "FirstHomework", "FirstHomework\FirstHomework.csproj", "{75F5365A-BAF0-4F48-810F-341FFE80ABDA}"
EndProject
Global
	GlobalSection(SolutionConfigurationPlatforms) = preSolution
		Debug|Any CPU = Debug|Any CPU
		Release|Any CPU = Release|Any CPU
	EndGlobalSection
	GlobalSection(ProjectConfigurationPlatforms) = postSolution
		{75F5365A-BAF0-4F48-810F-341FFE80ABDA}.Debug|Any CPU.ActiveCfg = Debug|Any CPU
		{75F5365A-BAF0-4F48-810F-341FFE80ABDA}.Debug|Any CPU.Build.0 = Debug|Any CPU
		{75F5365A-BAF0-4F48-810F-341FFE80ABDA}.Release|Any CPU.ActiveCfg = Release|Any CPU
		{75F5365A-BAF0-4F48-810F-341FFE80ABDA}.Release|Any CPU.Build.0 = Release|Any CPU
	EndGlobalSection
	GlobalSection(SolutionProperties) = preSolution
		HideSolutionNode = FALSE
	EndGlobalSection
	GlobalSection(ExtensibilityGlobals) = postSolution
		SolutionGuid = {54E9D5D6-9430-46BE-9F0B-90392A66864A}
	EndGlobalSection
EndGlobal
